lockfileVersion: '9.0'

settings:
  autoInstallPeers: true
  excludeLinksFromLockfile: false

importers:
  .:
    devDependencies:
      prettier:
        specifier: ^3.2.5
        version: 3.2.5
      prettier-plugin-jinja-template:
        specifier: ^1.3.3
        version: 1.3.3(prettier@3.2.5)

packages:
  prettier-plugin-jinja-template@1.3.3:
    resolution: {integrity: sha512-f9xcYsqcQ0r9jiNVJXZRdQ/p3cnpBp6ns4qB1tFL1gArwyJ1mSXjaRHNZ0DGVa5Z4LFjsn1I2lUPwFMhSzpp8Q==}
    peerDependencies:
      prettier: ^3.0.0

  prettier@3.2.5:
    resolution: {integrity: sha512-3/GWa9aOC0YeD7LUfvOG2NiDyhOWRvt1k+rcKhOuYnMY24iiCphgneUfJDyFXd6rZCAnuLBv6UeAULtrhT/F4A==}
    engines: {node: '>=14'}
    hasBin: true

snapshots:
  prettier-plugin-jinja-template@1.3.3(prettier@3.2.5):
    dependencies:
      prettier: 3.2.5

  prettier@3.2.5: {}
