lockfileVersion: '6.0'

settings:
  autoInstallPeers: true
  excludeLinksFromLockfile: false

devDependencies:
  prettier:
    specifier: ^3.3.0
    version: 3.3.0
  prettier-plugin-jinja-template:
    specifier: ^1.4.0
    version: 1.4.0(prettier@3.3.0)

packages:
  /prettier-plugin-jinja-template@1.4.0(prettier@3.3.0):
    resolution: {integrity: sha512-9i7HwTAryhOTtY1ENyZBZA+KNaPphSaI/sXbQno5a6/DgiP6ZAnUiax4cOKiutEwiSDhVfLbTXEfHS5QAUVWBg==}
    peerDependencies:
      prettier: ^3.0.0
    dependencies:
      prettier: 3.3.0
    dev: true

  /prettier@3.3.0:
    resolution: {integrity: sha512-J9odKxERhCQ10OC2yb93583f6UnYutOeiV5i0zEDS7UGTdUt0u+y8erxl3lBKvwo/JHyyoEdXjwp4dke9oyZ/g==}
    engines: {node: '>=14'}
    hasBin: true
    dev: true
