lockfileVersion: '9.0'

settings:
  autoInstallPeers: true
  excludeLinksFromLockfile: false

importers:
  .:
    devDependencies:
      prettier:
        specifier: ^3.6.2
        version: 3.6.2
      prettier-plugin-jinja-template:
        specifier: ^2.1.0
        version: 2.1.0(prettier@3.6.2)

packages:
  prettier-plugin-jinja-template@2.1.0:
    resolution: {integrity: sha512-mzoCp2Oy9BDSug80fw3B3J4n4KQj1hRvoQOL1akqcDKBb5nvYxrik9zUEDs4AEJ6nK7QDTGoH0y9rx7AlnQ78Q==}
    peerDependencies:
      prettier: ^3.0.0

  prettier@3.6.2:
    resolution: {integrity: sha512-I7AIg5boAr5R0FFtJ6rCfD+LFsWHp81dolrFD8S79U9tb8Az2nGrJncnMSnys+bpQJfRUzqs9hnA81OAA3hCuQ==}
    engines: {node: '>=14'}
    hasBin: true

snapshots:
  prettier-plugin-jinja-template@2.1.0(prettier@3.6.2):
    dependencies:
      prettier: 3.6.2

  prettier@3.6.2: {}
